
Microsoft Visual Studio Solution File, Format Version 12.00
# Visual Studio Version 16
VisualStudioVersion = 16.0.31424.327
MinimumVisualStudioVersion = 10.0.40219.1
Project("{FAE04EC0-301F-11D3-BF4B-00C04F79EFBC}") = "ConsoleApp", "ConsoleApp\ConsoleApp.csproj", "{B613939B-1F6F-4A85-9BA1-307E07732736}"
EndProject
Project("{FAE04EC0-301F-11D3-BF4B-00C04F79EFBC}") = "TestProject", "TestProject\TestProject.csproj", "{C2D21760-B236-4B6C-B4D0-3C82552AD4C8}"
EndProject
Global
	GlobalSection(SolutionConfigurationPlatforms) = preSolution
		Debug|Any CPU = Debug|Any CPU
		Release|Any CPU = Release|Any CPU
	EndGlobalSection
	GlobalSection(ProjectConfigurationPlatforms) = postSolution
		{B613939B-1F6F-4A85-9BA1-307E07732736}.Debug|Any CPU.ActiveCfg = Debug|Any CPU
		{B613939B-1F6F-4A85-9BA1-307E07732736}.Debug|Any CPU.Build.0 = Debug|Any CPU
		{B613939B-1F6F-4A85-9BA1-307E07732736}.Release|Any CPU.ActiveCfg = Release|Any CPU
		{B613939B-1F6F-4A85-9BA1-307E07732736}.Release|Any CPU.Build.0 = Release|Any CPU
		{C2D21760-B236-4B6C-B4D0-3C82552AD4C8}.Debug|Any CPU.ActiveCfg = Debug|Any CPU
		{C2D21760-B236-4B6C-B4D0-3C82552AD4C8}.Debug|Any CPU.Build.0 = Debug|Any CPU
		{C2D21760-B236-4B6C-B4D0-3C82552AD4C8}.Release|Any CPU.ActiveCfg = Release|Any CPU
		{C2D21760-B236-4B6C-B4D0-3C82552AD4C8}.Release|Any CPU.Build.0 = Release|Any CPU
	EndGlobalSection
	GlobalSection(SolutionProperties) = preSolution
		HideSolutionNode = FALSE
	EndGlobalSection
	GlobalSection(ExtensibilityGlobals) = postSolution
		SolutionGuid = {9AAC4AF3-5416-4101-A72F-22528F955464}
	EndGlobalSection
EndGlobal
